
Microsoft Visual Studio Solution File, Format Version 12.00
# Visual Studio Version 16
VisualStudioVersion = 16.0.31112.23
MinimumVisualStudioVersion = 10.0.40219.1
Project("{FAE04EC0-301F-11D3-BF4B-00C04F79EFBC}") = "Help_Jacob", "Help_Jacob.csproj", "{FAF14711-23EB-4650-AF91-F1D6D66FB950}"
EndProject
Global
	GlobalSection(SolutionConfigurationPlatforms) = preSolution
		Debug|Any CPU = Debug|Any CPU
		Release|Any CPU = Release|Any CPU
	EndGlobalSection
	GlobalSection(ProjectConfigurationPlatforms) = postSolution
		{FAF14711-23EB-4650-AF91-F1D6D66FB950}.Debug|Any CPU.ActiveCfg = Debug|Any CPU
		{FAF14711-23EB-4650-AF91-F1D6D66FB950}.Debug|Any CPU.Build.0 = Debug|Any CPU
		{FAF14711-23EB-4650-AF91-F1D6D66FB950}.Release|Any CPU.ActiveCfg = Release|Any CPU
		{FAF14711-23EB-4650-AF91-F1D6D66FB950}.Release|Any CPU.Build.0 = Release|Any CPU
	EndGlobalSection
	GlobalSection(SolutionProperties) = preSolution
		HideSolutionNode = FALSE
	EndGlobalSection
	GlobalSection(ExtensibilityGlobals) = postSolution
		SolutionGuid = {3F327654-0620-4C49-ACC1-75670493942D}
	EndGlobalSection
EndGlobal
